{
  "name": "s3-studio-shell-web",
  "lockfileVersion": 3,
  "requires": true,
  "packages": {
    "": {
      "name": "s3-studio-shell-web",
      "dependencies": {
        "bpmn-js": "18.31.0"
      }
    },
    "node_modules/@bpmn-io/diagram-js-ui": {
      "version": "0.2.4",
      "resolved": "https://registry.npmjs.org/@bpmn-io/diagram-js-ui/-/diagram-js-ui-0.2.4.tgz",
      "integrity": "sha512-I678ZGtoH7z7FgzFhzzppM9ThsJ3Lh83kW3GjhjG3xyYciIPYHMaHK1MABP8F69H9pFZpViM6t4qUo8dwrVz0w==",
      "license": "MIT",
      "dependencies": {
        "htm": "^3.1.1",
        "preact": "^10.29.2"
      }
    },
    "node_modules/bpmn-js": {
      "version": "18.31.0",
      "resolved": "https://registry.npmjs.org/bpmn-js/-/bpmn-js-18.31.0.tgz",
      "integrity": "sha512-tGc6spNXC81858FXhk0NI9+CjfsPYDmKWSyiq0u2Rhk9J8l+DJtzZK1CYj4fqcek026PQDEwwUQwsr2Opfec/w==",
      "license": "SEE LICENSE IN LICENSE",
      "dependencies": {
        "bpmn-moddle": "^10.3.1",
        "diagram-js": "^15.28.0",
        "diagram-js-direct-editing": "^3.6.0",
        "ids": "^3.0.2",
        "inherits-browser": "^0.1.0",
        "min-dash": "^5.1.0",
        "min-dom": "^5.3.0",
        "tiny-svg": "^4.1.4"
      },
      "engines": {
        "node": "*"
      }
    },
    "node_modules/bpmn-moddle": {
      "version": "10.3.1",
      "resolved": "https://registry.npmjs.org/bpmn-moddle/-/bpmn-moddle-10.3.1.tgz",
      "integrity": "sha512-xjJ8GzseRkjjM0MX/rODVB6iv+rhGLt8FCHJIovLAjJsDEAUjITfyiJZYczJ4pp3wmesbY3sQR7eRT+q5uroVA==",
      "license": "MIT",
      "dependencies": {
        "min-dash": "^5.1.0",
        "moddle": "^8.2.1",
        "moddle-xml": "^12.3.1"
      }
    },
    "node_modules/clsx": {
      "version": "2.1.1",
      "resolved": "https://registry.npmjs.org/clsx/-/clsx-2.1.1.tgz",
      "integrity": "sha512-eYm0QWBtUrBWZWG0d386OGAw16Z995PiOVo2B7bjWSbHedGl5e0ZWaq65kOGgUSNesEIDkB9ISbTg/JK9dhCZA==",
      "license": "MIT",
      "engines": {
        "node": ">=6"
      }
    },
    "node_modules/diagram-js": {
      "version": "15.28.0",
      "resolved": "https://registry.npmjs.org/diagram-js/-/diagram-js-15.28.0.tgz",
      "integrity": "sha512-szp5V8ipbwMNB2aR1c7ABvN1N4bVdl5K1uO6Lpcn+LQ/Sw5C9fKwo6GOaV0ZVX8rWoZKb4ki34Qt6UZ8Z/Ig9w==",
      "license": "MIT",
      "peer": true,
      "dependencies": {
        "@bpmn-io/diagram-js-ui": "^0.2.4",
        "clsx": "^2.1.1",
        "didi": "^11.0.0",
        "inherits-browser": "^0.1.0",
        "min-dash": "^5.1.0",
        "min-dom": "^5.3.0",
        "object-refs": "^0.4.0",
        "path-intersection": "^4.1.0",
        "tiny-svg": "^4.1.4"
      },
      "engines": {
        "node": "*"
      }
    },
    "node_modules/diagram-js-direct-editing": {
      "version": "3.6.0",
      "resolved": "https://registry.npmjs.org/diagram-js-direct-editing/-/diagram-js-direct-editing-3.6.0.tgz",
      "integrity": "sha512-zaXChbFqLccq+rji1fnKD9dL90kO7XLJoaENMVqFOxslax8QD7eumwBBpLYS36br7zva9R4bz3YTu0ey3mbHAA==",
      "license": "MIT",
      "dependencies": {
        "min-dash": "^5.0.0",
        "min-dom": "^5.3.0"
      },
      "engines": {
        "node": "*"
      },
      "peerDependencies": {
        "diagram-js": "*"
      }
    },
    "node_modules/didi": {
      "version": "11.0.1",
      "resolved": "https://registry.npmjs.org/didi/-/didi-11.0.1.tgz",
      "integrity": "sha512-eEBvv5SHBhoCyDX/kOR8UozNfqEkjEXjNCTsE2vWWoxoJ5QC8KXYRTE78mrpdpvXNtSEriLhbgQdD0OkHvLFWQ==",
      "license": "MIT",
      "engines": {
        "node": ">= 20.12"
      }
    },
    "node_modules/domify": {
      "version": "3.0.0",
      "resolved": "https://registry.npmjs.org/domify/-/domify-3.0.0.tgz",
      "integrity": "sha512-bs2yO68JDFOm6rKv8f0EnrM2cENduhRkpqOtt/s5l5JBA/eqGBZCzLPmdYoHtJ6utgLGgcBajFsEQbl12pT0lQ==",
      "license": "MIT",
      "engines": {
        "node": ">=20"
      },
      "funding": {
        "url": "https://github.com/sponsors/sindresorhus"
      }
    },
    "node_modules/htm": {
      "version": "3.1.1",
      "resolved": "https://registry.npmjs.org/htm/-/htm-3.1.1.tgz",
      "integrity": "sha512-983Vyg8NwUE7JkZ6NmOqpCZ+sh1bKv2iYTlUkzlWmA5JD2acKoxd4KVxbMmxX/85mtfdnDmTFoNKcg5DGAvxNQ==",
      "license": "Apache-2.0"
    },
    "node_modules/ids": {
      "version": "3.0.2",
      "resolved": "https://registry.npmjs.org/ids/-/ids-3.0.2.tgz",
      "integrity": "sha512-t6YJP4mdC+GHF96Nbis/4FEANhP/8VWmYMvUuYpXvSdrhg5hpIVbq2XZlOA3UWTbtdwPCi0q7jEXOdHkAnqOnw==",
      "license": "MIT",
      "engines": {
        "node": ">= 20.12"
      }
    },
    "node_modules/inherits-browser": {
      "version": "0.1.0",
      "resolved": "https://registry.npmjs.org/inherits-browser/-/inherits-browser-0.1.0.tgz",
      "integrity": "sha512-CJHHvW3jQ6q7lzsXPpapLdMx5hDpSF3FSh45pwsj6bKxJJ8Nl8v43i5yXnr3BdfOimGHKyniewQtnAIp3vyJJw==",
      "license": "ISC"
    },
    "node_modules/min-dash": {
      "version": "5.1.0",
      "resolved": "https://registry.npmjs.org/min-dash/-/min-dash-5.1.0.tgz",
      "integrity": "sha512-HAvN6XzmCQj+js43G9sJRRw8kj/7DvoxN7qhoIN9Xo5ZN1NMljtpyKs/NunXmw0QSWwlgZzNv6tLeEa4xaZ0tg==",
      "license": "MIT"
    },
    "node_modules/min-dom": {
      "version": "5.3.0",
      "resolved": "https://registry.npmjs.org/min-dom/-/min-dom-5.3.0.tgz",
      "integrity": "sha512-0w5FEBgPAyHhmFojW3zxd7we3D+m5XYS3E/06OyvxmbHJoiQVa4Nagj6RWvoAKYRw5xth6cP5TMePc5cR1M9hA==",
      "license": "MIT",
      "dependencies": {
        "domify": "^3.0.0",
        "min-dash": "^5.0.0"
      }
    },
    "node_modules/moddle": {
      "version": "8.2.1",
      "resolved": "https://registry.npmjs.org/moddle/-/moddle-8.2.1.tgz",
      "integrity": "sha512-20qzO/ZpMGO9j9gdQgXk9bfGxb9wA3JKnGth/21YZKODLrZE4RW/uVMIL5pTskYm34Z61DucBEPkq93qByNsBQ==",
      "license": "MIT",
      "peer": true,
      "dependencies": {
        "min-dash": "^5.1.0"
      }
    },
    "node_modules/moddle-xml": {
      "version": "12.3.1",
      "resolved": "https://registry.npmjs.org/moddle-xml/-/moddle-xml-12.3.1.tgz",
      "integrity": "sha512-XbAQDWCG2ZRch3odmQigJ4GwTqrOVBx0+JHEAgdw0U3MkBsWa9LAbO//S5RPdYMcRO87E63r/R/I3CoMef6ncA==",
      "license": "MIT",
      "dependencies": {
        "min-dash": "^5.1.0",
        "saxen": "^11.2.0"
      },
      "engines": {
        "node": ">= 18"
      },
      "peerDependencies": {
        "moddle": ">= 6.2.0"
      }
    },
    "node_modules/object-refs": {
      "version": "0.4.0",
      "resolved": "https://registry.npmjs.org/object-refs/-/object-refs-0.4.0.tgz",
      "integrity": "sha512-6kJqKWryKZmtte6QYvouas0/EIJKPI1/MMIuRsiBlNuhIMfqYTggzX2F1AJ2+cDs288xyi9GL7FyasHINR98BQ==",
      "license": "MIT",
      "engines": {
        "node": "*"
      }
    },
    "node_modules/path-intersection": {
      "version": "4.2.1",
      "resolved": "https://registry.npmjs.org/path-intersection/-/path-intersection-4.2.1.tgz",
      "integrity": "sha512-D6sD8o/EkJdoSbfyn4oOWmJpNrOTFOvb4kfHKq3uiV+pwdkHV3n08kHS0B272+Advy7A25yVqrpTctjw/ExG3A==",
      "license": "MIT",
      "engines": {
        "node": ">= 14.20"
      }
    },
    "node_modules/preact": {
      "version": "10.29.8",
      "resolved": "https://registry.npmjs.org/preact/-/preact-10.29.8.tgz",
      "integrity": "sha512-ej2aVZ+vZ8WO7tvlQWRM9N63A0KzF9q4mWJfDUHgYaIofWY9hu74QdnQrjoPMmZi2/nZ5gN0bJCQF49xQqx09Q==",
      "license": "MIT",
      "funding": {
        "type": "opencollective",
        "url": "https://opencollective.com/preact"
      },
      "peerDependencies": {
        "preact-render-to-string": ">=5"
      },
      "peerDependenciesMeta": {
        "preact-render-to-string": {
          "optional": true
        }
      }
    },
    "node_modules/saxen": {
      "version": "11.2.0",
      "resolved": "https://registry.npmjs.org/saxen/-/saxen-11.2.0.tgz",
      "integrity": "sha512-2bG564AAJcm/3vyZC0Uhs/mACrH+4AHMaKHKAB2M5xMqomUZa27FQ7MYaQGFKVcJk/MVzSEQ34A8QZWW+eiWEw==",
      "license": "MIT",
      "engines": {
        "node": ">= 20.12"
      }
    },
    "node_modules/tiny-svg": {
      "version": "4.1.4",
      "resolved": "https://registry.npmjs.org/tiny-svg/-/tiny-svg-4.1.4.tgz",
      "integrity": "sha512-cBaEACCbouYrQc9RG+eTXnPYosX1Ijqty/I6DdXovwDd89Pwu4jcmpOR7BuFEF9YCcd7/AWwasE0207WMK7hdw==",
      "license": "MIT",
      "engines": {
        "node": ">= 20"
      }
    }
  }
}
